
Microsoft Visual Studio Solution File, Format Version 12.00
# Visual Studio Version 17
VisualStudioVersion = 17.3.32825.248
MinimumVisualStudioVersion = 10.0.40219.1
Project("{FAE04EC0-301F-11D3-BF4B-00C04F79EFBC}") = "dz.3", "dz.3\dz.3.csproj", "{6900C701-D8CA-4602-B33D-725F55F165DD}"
EndProject
Project("{FAE04EC0-301F-11D3-BF4B-00C04F79EFBC}") = "labik", "labik\labik.csproj", "{27BD9D2C-4682-4088-90D6-68F33E4A3AF3}"
EndProject
Global
	GlobalSection(SolutionConfigurationPlatforms) = preSolution
		Debug|Any CPU = Debug|Any CPU
		Release|Any CPU = Release|Any CPU
	EndGlobalSection
	GlobalSection(ProjectConfigurationPlatforms) = postSolution
		{6900C701-D8CA-4602-B33D-725F55F165DD}.Debug|Any CPU.ActiveCfg = Debug|Any CPU
		{6900C701-D8CA-4602-B33D-725F55F165DD}.Debug|Any CPU.Build.0 = Debug|Any CPU
		{6900C701-D8CA-4602-B33D-725F55F165DD}.Release|Any CPU.ActiveCfg = Release|Any CPU
		{6900C701-D8CA-4602-B33D-725F55F165DD}.Release|Any CPU.Build.0 = Release|Any CPU
		{27BD9D2C-4682-4088-90D6-68F33E4A3AF3}.Debug|Any CPU.ActiveCfg = Debug|Any CPU
		{27BD9D2C-4682-4088-90D6-68F33E4A3AF3}.Debug|Any CPU.Build.0 = Debug|Any CPU
		{27BD9D2C-4682-4088-90D6-68F33E4A3AF3}.Release|Any CPU.ActiveCfg = Release|Any CPU
		{27BD9D2C-4682-4088-90D6-68F33E4A3AF3}.Release|Any CPU.Build.0 = Release|Any CPU
	EndGlobalSection
	GlobalSection(SolutionProperties) = preSolution
		HideSolutionNode = FALSE
	EndGlobalSection
	GlobalSection(ExtensibilityGlobals) = postSolution
		SolutionGuid = {4026B5EF-38E7-47F5-AED0-F3424FB0EB31}
	EndGlobalSection
EndGlobal
